
Microsoft Visual Studio Solution File, Format Version 12.00
# Visual Studio Version 16
VisualStudioVersion = 16.0.31410.357
MinimumVisualStudioVersion = 10.0.40219.1
Project("{9A19103F-16F7-4668-BE54-9A1E7A4F7556}") = "DF.Services.Order.API", "DF.Services.Order.API\DF.Services.Order.API.csproj", "{F5171AC9-418C-4C12-AF06-D398BDA7DCFC}"
EndProject
Project("{9A19103F-16F7-4668-BE54-9A1E7A4F7556}") = "DF.Services.Goods.API", "DF.Services.Goods.API\DF.Services.Goods.API.csproj", "{463022BC-CA0D-44C7-A8A7-90B56AB3D137}"
EndProject
Project("{9A19103F-16F7-4668-BE54-9A1E7A4F7556}") = "DF.Clients.Mall.MVC", "DF.Clients.Mall.MVC\DF.Clients.Mall.MVC.csproj", "{71F1F59C-7555-41E5-A5F7-C9F94E04A782}"
EndProject
Project("{9A19103F-16F7-4668-BE54-9A1E7A4F7556}") = "DF.Helper", "DF.Helper\DF.Helper.csproj", "{26F7179B-E5EE-40A5-BE7C-FD78840BF825}"
EndProject
Project("{FAE04EC0-301F-11D3-BF4B-00C04F79EFBC}") = "DF.APIGateway.Ocelot", "DF.APIGateway.Ocelot\DF.APIGateway.Ocelot.csproj", "{6CD243A0-345F-4CCE-B6B1-AA8217A49247}"
EndProject
Global
	GlobalSection(SolutionConfigurationPlatforms) = preSolution
		Debug|Any CPU = Debug|Any CPU
		Release|Any CPU = Release|Any CPU
	EndGlobalSection
	GlobalSection(ProjectConfigurationPlatforms) = postSolution
		{F5171AC9-418C-4C12-AF06-D398BDA7DCFC}.Debug|Any CPU.ActiveCfg = Debug|Any CPU
		{F5171AC9-418C-4C12-AF06-D398BDA7DCFC}.Debug|Any CPU.Build.0 = Debug|Any CPU
		{F5171AC9-418C-4C12-AF06-D398BDA7DCFC}.Release|Any CPU.ActiveCfg = Release|Any CPU
		{F5171AC9-418C-4C12-AF06-D398BDA7DCFC}.Release|Any CPU.Build.0 = Release|Any CPU
		{463022BC-CA0D-44C7-A8A7-90B56AB3D137}.Debug|Any CPU.ActiveCfg = Debug|Any CPU
		{463022BC-CA0D-44C7-A8A7-90B56AB3D137}.Debug|Any CPU.Build.0 = Debug|Any CPU
		{463022BC-CA0D-44C7-A8A7-90B56AB3D137}.Release|Any CPU.ActiveCfg = Release|Any CPU
		{463022BC-CA0D-44C7-A8A7-90B56AB3D137}.Release|Any CPU.Build.0 = Release|Any CPU
		{71F1F59C-7555-41E5-A5F7-C9F94E04A782}.Debug|Any CPU.ActiveCfg = Debug|Any CPU
		{71F1F59C-7555-41E5-A5F7-C9F94E04A782}.Debug|Any CPU.Build.0 = Debug|Any CPU
		{71F1F59C-7555-41E5-A5F7-C9F94E04A782}.Release|Any CPU.ActiveCfg = Release|Any CPU
		{71F1F59C-7555-41E5-A5F7-C9F94E04A782}.Release|Any CPU.Build.0 = Release|Any CPU
		{26F7179B-E5EE-40A5-BE7C-FD78840BF825}.Debug|Any CPU.ActiveCfg = Debug|Any CPU
		{26F7179B-E5EE-40A5-BE7C-FD78840BF825}.Debug|Any CPU.Build.0 = Debug|Any CPU
		{26F7179B-E5EE-40A5-BE7C-FD78840BF825}.Release|Any CPU.ActiveCfg = Release|Any CPU
		{26F7179B-E5EE-40A5-BE7C-FD78840BF825}.Release|Any CPU.Build.0 = Release|Any CPU
		{6CD243A0-345F-4CCE-B6B1-AA8217A49247}.Debug|Any CPU.ActiveCfg = Debug|Any CPU
		{6CD243A0-345F-4CCE-B6B1-AA8217A49247}.Debug|Any CPU.Build.0 = Debug|Any CPU
		{6CD243A0-345F-4CCE-B6B1-AA8217A49247}.Release|Any CPU.ActiveCfg = Release|Any CPU
		{6CD243A0-345F-4CCE-B6B1-AA8217A49247}.Release|Any CPU.Build.0 = Release|Any CPU
	EndGlobalSection
	GlobalSection(SolutionProperties) = preSolution
		HideSolutionNode = FALSE
	EndGlobalSection
	GlobalSection(ExtensibilityGlobals) = postSolution
		SolutionGuid = {41E2F49F-FD18-4345-A7C6-B56B2680E597}
	EndGlobalSection
EndGlobal
